
Microsoft Visual Studio Solution File, Format Version 12.00
# Visual Studio Version 17
VisualStudioVersion = 17.3.32811.315
MinimumVisualStudioVersion = 10.0.40219.1
Project("{2150E333-8FDC-42A3-9474-1A3956D46DE8}") = "Deposit", "Deposit", "{27A153FA-7E7E-483A-BF48-EE76CA143FAB}"
EndProject
Project("{2150E333-8FDC-42A3-9474-1A3956D46DE8}") = "Server", "Server", "{FBBD14C5-DC88-4AC8-94F9-D49481996AB3}"
EndProject
Project("{2150E333-8FDC-42A3-9474-1A3956D46DE8}") = "API", "API", "{85D02F15-049F-417A-9D15-6173F622D2F8}"
EndProject
Project("{2150E333-8FDC-42A3-9474-1A3956D46DE8}") = "Library", "Library", "{13DD2304-DDF8-4784-A10B-B32C4C52D23D}"
EndProject
Project("{2150E333-8FDC-42A3-9474-1A3956D46DE8}") = "UI", "UI", "{8B0BFEBA-AE7E-4455-8466-65580584D50D}"
EndProject
Project("{2150E333-8FDC-42A3-9474-1A3956D46DE8}") = "CDM", "CDM", "{A63361B5-21E2-48C0-9DD2-64D37E27C1DD}"
EndProject
Project("{2150E333-8FDC-42A3-9474-1A3956D46DE8}") = "Messaging", "Messaging", "{54DA3CC2-67B9-4408-AF7A-19856FDC8091}"
EndProject
Project("{FAE04EC0-301F-11D3-BF4B-00C04F79EFBC}") = "CashSwift.API.CDM.Messaging", "Deposit\API\CDM\CashSwift.API.CDM.Messaging\CashSwift.API.CDM.Messaging.csproj", "{CFF1DB92-7328-4C1D-AB6A-E72B775729E3}"
EndProject
Project("{FAE04EC0-301F-11D3-BF4B-00C04F79EFBC}") = "CashSwift.API.CDM.Messaging.Reporting.Uptime", "Deposit\API\CDM\CashSwift.API.CDM.Messaging.Reporting.Uptime\CashSwift.API.CDM.Messaging.Reporting.Uptime.csproj", "{9B20AD90-CB4B-477F-B123-43F85E8861FD}"
EndProject
Project("{FAE04EC0-301F-11D3-BF4B-00C04F79EFBC}") = "CashSwift.API.CDM.Reporting.Uptime.DataAccess", "Deposit\API\CDM\CashSwift.API.CDM.Reporting.Uptime.DataAccess\CashSwift.API.CDM.Reporting.Uptime.DataAccess.csproj", "{BF864E7C-72E4-4593-B84F-C72A5006633D}"
EndProject
Project("{FAE04EC0-301F-11D3-BF4B-00C04F79EFBC}") = "CashSwift.API.CDM.ReportingService", "Deposit\API\CDM\CashSwift.API.CDM.ReportingService\CashSwift.API.CDM.ReportingService.csproj", "{70167258-A1BA-4A78-9BFF-118DE7046A63}"
EndProject
Project("{FAE04EC0-301F-11D3-BF4B-00C04F79EFBC}") = "CashSwift.API.CDM.UptimeReportLibrary", "Deposit\API\CDM\CashSwift.API.CDM.UptimeReportLibrary\CashSwift.API.CDM.UptimeReportLibrary.csproj", "{131BC10B-192D-41A6-A20C-FB2B47B26834}"
EndProject
Project("{FAE04EC0-301F-11D3-BF4B-00C04F79EFBC}") = "CashSwift.API.Messaging", "Deposit\API\Messaging\CashSwift.API.Messaging\CashSwift.API.Messaging.csproj", "{80BDE422-1B8A-4B6C-8AB2-C69ECE8D93C1}"
EndProject
Project("{FAE04EC0-301F-11D3-BF4B-00C04F79EFBC}") = "CashSwift.API.Messaging.Authentication", "Deposit\API\Messaging\CashSwift.API.Messaging.Authentication\CashSwift.API.Messaging.Authentication.csproj", "{85A384DE-6748-4023-8E28-95F9AE697381}"
EndProject
Project("{FAE04EC0-301F-11D3-BF4B-00C04F79EFBC}") = "CashSwift.API.Messaging.CDM.GUIControl", "Deposit\API\Messaging\CashSwift.API.Messaging.CDM.GUIControl\CashSwift.API.Messaging.CDM.GUIControl.csproj", "{B71A4EBD-11CE-47C4-AA78-129225C99358}"
EndProject
Project("{FAE04EC0-301F-11D3-BF4B-00C04F79EFBC}") = "CashSwift.API.Messaging.Communication", "Deposit\API\Messaging\CashSwift.API.Messaging.Communication\CashSwift.API.Messaging.Communication.csproj", "{5779B33D-A90F-4C18-8D19-E16D61583689}"
EndProject
Project("{FAE04EC0-301F-11D3-BF4B-00C04F79EFBC}") = "CashSwift.API.Messaging.Integration", "Deposit\API\Messaging\CashSwift.API.Messaging.Integration\CashSwift.API.Messaging.Integration.csproj", "{D66BC88E-B717-445F-9A0C-2BB1AE61BE1A}"
EndProject
Project("{FAE04EC0-301F-11D3-BF4B-00C04F79EFBC}") = "CashAccSysDeviceManager", "Deposit\Library\CashAccSysDeviceManager\CashAccSysDeviceManager.csproj", "{71990352-43EB-4901-94E6-10BFC3DDB929}"
EndProject
Project("{FAE04EC0-301F-11D3-BF4B-00C04F79EFBC}") = "CashSwift.Library.Standard", "Deposit\Library\CashSwift.Library.Standard\CashSwift.Library.Standard.csproj", "{09280264-40A9-4A75-AAD7-0776E15FFCF8}"
EndProject
Project("{FAE04EC0-301F-11D3-BF4B-00C04F79EFBC}") = "DeviceManager", "Deposit\Library\DeviceManager\DeviceManager.csproj", "{0047667A-0934-41E7-9516-6C43D221AD75}"
EndProject
Project("{FAE04EC0-301F-11D3-BF4B-00C04F79EFBC}") = "CashSwiftUtil", "Deposit\UI\CashSwiftUtil\CashSwiftUtil.csproj", "{1AAE4D91-AF86-4D65-971B-14A1ABD60DD5}"
EndProject
Project("{FAE04EC0-301F-11D3-BF4B-00C04F79EFBC}") = "CashSwiftDataAccess", "Deposit\Library\CashSwiftDataAccess\CashSwiftDataAccess.csproj", "{6BD02625-DC81-4517-AD3D-C012374B685F}"
EndProject
Project("{FAE04EC0-301F-11D3-BF4B-00C04F79EFBC}") = "CashSwiftDeposit", "Deposit\UI\CashSwiftDeposit\CashSwiftDeposit.csproj", "{20E2756A-B46B-42DA-9C17-C89BF1206480}"
EndProject
Project("{2150E333-8FDC-42A3-9474-1A3956D46DE8}") = "Finacle", "Finacle", "{85C88CA9-F8E8-4B77-89B7-602313738D38}"
EndProject
Project("{9A19103F-16F7-4668-BE54-9A1E7A4F7556}") = "CashSwift.Finacle.Integration", "Server\Finacle\CashSwift.Finacle.Integration\CashSwift.Finacle.Integration.csproj", "{BA0B6361-7DDD-490B-B65A-074BD8AA33FB}"
EndProject
Project("{2150E333-8FDC-42A3-9474-1A3956D46DE8}") = "Portal", "Portal", "{EC597DA6-A7AD-4777-9300-5B1EE20E286C}"
EndProject
Project("{FAE04EC0-301F-11D3-BF4B-00C04F79EFBC}") = "CashSwiftCashControlPortal.Module", "Server\Portal\CashSwiftCashControlPortal.Module\CashSwiftCashControlPortal.Module.csproj", "{BAA2F5F3-66D9-468F-AE87-F68741663BDB}"
EndProject
Project("{FAE04EC0-301F-11D3-BF4B-00C04F79EFBC}") = "CashSwiftCashControlPortal.Module.Web", "Server\Portal\CashSwiftCashControlPortal.Module.Web\CashSwiftCashControlPortal.Module.Web.csproj", "{2EF7DEFF-0EE1-4EB0-931C-7D49412F6571}"
EndProject
Project("{FAE04EC0-301F-11D3-BF4B-00C04F79EFBC}") = "CashSwiftCashControlPortal.Web", "Server\Portal\CashSwiftCashControlPortal.Web\CashSwiftCashControlPortal.Web.csproj", "{40E97D21-4705-447D-B263-86696B00A203}"
EndProject
Global
	GlobalSection(SolutionConfigurationPlatforms) = preSolution
		Debug|Any CPU = Debug|Any CPU
		Release|Any CPU = Release|Any CPU
	EndGlobalSection
	GlobalSection(ProjectConfigurationPlatforms) = postSolution
		{CFF1DB92-7328-4C1D-AB6A-E72B775729E3}.Debug|Any CPU.ActiveCfg = Debug|Any CPU
		{CFF1DB92-7328-4C1D-AB6A-E72B775729E3}.Debug|Any CPU.Build.0 = Debug|Any CPU
		{CFF1DB92-7328-4C1D-AB6A-E72B775729E3}.Release|Any CPU.ActiveCfg = Release|Any CPU
		{CFF1DB92-7328-4C1D-AB6A-E72B775729E3}.Release|Any CPU.Build.0 = Release|Any CPU
		{9B20AD90-CB4B-477F-B123-43F85E8861FD}.Debug|Any CPU.ActiveCfg = Debug|Any CPU
		{9B20AD90-CB4B-477F-B123-43F85E8861FD}.Debug|Any CPU.Build.0 = Debug|Any CPU
		{9B20AD90-CB4B-477F-B123-43F85E8861FD}.Release|Any CPU.ActiveCfg = Release|Any CPU
		{9B20AD90-CB4B-477F-B123-43F85E8861FD}.Release|Any CPU.Build.0 = Release|Any CPU
		{BF864E7C-72E4-4593-B84F-C72A5006633D}.Debug|Any CPU.ActiveCfg = Debug|Any CPU
		{BF864E7C-72E4-4593-B84F-C72A5006633D}.Debug|Any CPU.Build.0 = Debug|Any CPU
		{BF864E7C-72E4-4593-B84F-C72A5006633D}.Release|Any CPU.ActiveCfg = Release|Any CPU
		{BF864E7C-72E4-4593-B84F-C72A5006633D}.Release|Any CPU.Build.0 = Release|Any CPU
		{70167258-A1BA-4A78-9BFF-118DE7046A63}.Debug|Any CPU.ActiveCfg = Debug|Any CPU
		{70167258-A1BA-4A78-9BFF-118DE7046A63}.Debug|Any CPU.Build.0 = Debug|Any CPU
		{70167258-A1BA-4A78-9BFF-118DE7046A63}.Release|Any CPU.ActiveCfg = Release|Any CPU
		{70167258-A1BA-4A78-9BFF-118DE7046A63}.Release|Any CPU.Build.0 = Release|Any CPU
		{131BC10B-192D-41A6-A20C-FB2B47B26834}.Debug|Any CPU.ActiveCfg = Debug|Any CPU
		{131BC10B-192D-41A6-A20C-FB2B47B26834}.Debug|Any CPU.Build.0 = Debug|Any CPU
		{131BC10B-192D-41A6-A20C-FB2B47B26834}.Release|Any CPU.ActiveCfg = Release|Any CPU
		{131BC10B-192D-41A6-A20C-FB2B47B26834}.Release|Any CPU.Build.0 = Release|Any CPU
		{80BDE422-1B8A-4B6C-8AB2-C69ECE8D93C1}.Debug|Any CPU.ActiveCfg = Debug|Any CPU
		{80BDE422-1B8A-4B6C-8AB2-C69ECE8D93C1}.Debug|Any CPU.Build.0 = Debug|Any CPU
		{80BDE422-1B8A-4B6C-8AB2-C69ECE8D93C1}.Release|Any CPU.ActiveCfg = Release|Any CPU
		{80BDE422-1B8A-4B6C-8AB2-C69ECE8D93C1}.Release|Any CPU.Build.0 = Release|Any CPU
		{85A384DE-6748-4023-8E28-95F9AE697381}.Debug|Any CPU.ActiveCfg = Debug|Any CPU
		{85A384DE-6748-4023-8E28-95F9AE697381}.Debug|Any CPU.Build.0 = Debug|Any CPU
		{85A384DE-6748-4023-8E28-95F9AE697381}.Release|Any CPU.ActiveCfg = Release|Any CPU
		{85A384DE-6748-4023-8E28-95F9AE697381}.Release|Any CPU.Build.0 = Release|Any CPU
		{B71A4EBD-11CE-47C4-AA78-129225C99358}.Debug|Any CPU.ActiveCfg = Debug|Any CPU
		{B71A4EBD-11CE-47C4-AA78-129225C99358}.Debug|Any CPU.Build.0 = Debug|Any CPU
		{B71A4EBD-11CE-47C4-AA78-129225C99358}.Release|Any CPU.ActiveCfg = Release|Any CPU
		{B71A4EBD-11CE-47C4-AA78-129225C99358}.Release|Any CPU.Build.0 = Release|Any CPU
		{5779B33D-A90F-4C18-8D19-E16D61583689}.Debug|Any CPU.ActiveCfg = Debug|Any CPU
		{5779B33D-A90F-4C18-8D19-E16D61583689}.Debug|Any CPU.Build.0 = Debug|Any CPU
		{5779B33D-A90F-4C18-8D19-E16D61583689}.Release|Any CPU.ActiveCfg = Release|Any CPU
		{5779B33D-A90F-4C18-8D19-E16D61583689}.Release|Any CPU.Build.0 = Release|Any CPU
		{D66BC88E-B717-445F-9A0C-2BB1AE61BE1A}.Debug|Any CPU.ActiveCfg = Debug|Any CPU
		{D66BC88E-B717-445F-9A0C-2BB1AE61BE1A}.Debug|Any CPU.Build.0 = Debug|Any CPU
		{D66BC88E-B717-445F-9A0C-2BB1AE61BE1A}.Release|Any CPU.ActiveCfg = Release|Any CPU
		{D66BC88E-B717-445F-9A0C-2BB1AE61BE1A}.Release|Any CPU.Build.0 = Release|Any CPU
		{71990352-43EB-4901-94E6-10BFC3DDB929}.Debug|Any CPU.ActiveCfg = Debug|Any CPU
		{71990352-43EB-4901-94E6-10BFC3DDB929}.Debug|Any CPU.Build.0 = Debug|Any CPU
		{71990352-43EB-4901-94E6-10BFC3DDB929}.Release|Any CPU.ActiveCfg = Release|Any CPU
		{71990352-43EB-4901-94E6-10BFC3DDB929}.Release|Any CPU.Build.0 = Release|Any CPU
		{09280264-40A9-4A75-AAD7-0776E15FFCF8}.Debug|Any CPU.ActiveCfg = Debug|Any CPU
		{09280264-40A9-4A75-AAD7-0776E15FFCF8}.Debug|Any CPU.Build.0 = Debug|Any CPU
		{09280264-40A9-4A75-AAD7-0776E15FFCF8}.Release|Any CPU.ActiveCfg = Release|Any CPU
		{09280264-40A9-4A75-AAD7-0776E15FFCF8}.Release|Any CPU.Build.0 = Release|Any CPU
		{0047667A-0934-41E7-9516-6C43D221AD75}.Debug|Any CPU.ActiveCfg = Debug|Any CPU
		{0047667A-0934-41E7-9516-6C43D221AD75}.Debug|Any CPU.Build.0 = Debug|Any CPU
		{0047667A-0934-41E7-9516-6C43D221AD75}.Release|Any CPU.ActiveCfg = Release|Any CPU
		{0047667A-0934-41E7-9516-6C43D221AD75}.Release|Any CPU.Build.0 = Release|Any CPU
		{1AAE4D91-AF86-4D65-971B-14A1ABD60DD5}.Debug|Any CPU.ActiveCfg = Debug|Any CPU
		{1AAE4D91-AF86-4D65-971B-14A1ABD60DD5}.Debug|Any CPU.Build.0 = Debug|Any CPU
		{1AAE4D91-AF86-4D65-971B-14A1ABD60DD5}.Release|Any CPU.ActiveCfg = Release|Any CPU
		{1AAE4D91-AF86-4D65-971B-14A1ABD60DD5}.Release|Any CPU.Build.0 = Release|Any CPU
		{6BD02625-DC81-4517-AD3D-C012374B685F}.Debug|Any CPU.ActiveCfg = Debug|Any CPU
		{6BD02625-DC81-4517-AD3D-C012374B685F}.Debug|Any CPU.Build.0 = Debug|Any CPU
		{6BD02625-DC81-4517-AD3D-C012374B685F}.Release|Any CPU.ActiveCfg = Release|Any CPU
		{6BD02625-DC81-4517-AD3D-C012374B685F}.Release|Any CPU.Build.0 = Release|Any CPU
		{20E2756A-B46B-42DA-9C17-C89BF1206480}.Debug|Any CPU.ActiveCfg = Debug|Any CPU
		{20E2756A-B46B-42DA-9C17-C89BF1206480}.Debug|Any CPU.Build.0 = Debug|Any CPU
		{20E2756A-B46B-42DA-9C17-C89BF1206480}.Release|Any CPU.ActiveCfg = Release|Any CPU
		{20E2756A-B46B-42DA-9C17-C89BF1206480}.Release|Any CPU.Build.0 = Release|Any CPU
		{BA0B6361-7DDD-490B-B65A-074BD8AA33FB}.Debug|Any CPU.ActiveCfg = Debug|Any CPU
		{BA0B6361-7DDD-490B-B65A-074BD8AA33FB}.Debug|Any CPU.Build.0 = Debug|Any CPU
		{BA0B6361-7DDD-490B-B65A-074BD8AA33FB}.Release|Any CPU.ActiveCfg = Release|Any CPU
		{BA0B6361-7DDD-490B-B65A-074BD8AA33FB}.Release|Any CPU.Build.0 = Release|Any CPU
		{BAA2F5F3-66D9-468F-AE87-F68741663BDB}.Debug|Any CPU.ActiveCfg = Debug|Any CPU
		{BAA2F5F3-66D9-468F-AE87-F68741663BDB}.Debug|Any CPU.Build.0 = Debug|Any CPU
		{BAA2F5F3-66D9-468F-AE87-F68741663BDB}.Release|Any CPU.ActiveCfg = Release|Any CPU
		{BAA2F5F3-66D9-468F-AE87-F68741663BDB}.Release|Any CPU.Build.0 = Release|Any CPU
		{2EF7DEFF-0EE1-4EB0-931C-7D49412F6571}.Debug|Any CPU.ActiveCfg = Debug|Any CPU
		{2EF7DEFF-0EE1-4EB0-931C-7D49412F6571}.Debug|Any CPU.Build.0 = Debug|Any CPU
		{2EF7DEFF-0EE1-4EB0-931C-7D49412F6571}.Release|Any CPU.ActiveCfg = Release|Any CPU
		{2EF7DEFF-0EE1-4EB0-931C-7D49412F6571}.Release|Any CPU.Build.0 = Release|Any CPU
		{40E97D21-4705-447D-B263-86696B00A203}.Debug|Any CPU.ActiveCfg = Debug|Any CPU
		{40E97D21-4705-447D-B263-86696B00A203}.Debug|Any CPU.Build.0 = Debug|Any CPU
		{40E97D21-4705-447D-B263-86696B00A203}.Release|Any CPU.ActiveCfg = Release|Any CPU
		{40E97D21-4705-447D-B263-86696B00A203}.Release|Any CPU.Build.0 = Release|Any CPU
	EndGlobalSection
	GlobalSection(SolutionProperties) = preSolution
		HideSolutionNode = FALSE
	EndGlobalSection
	GlobalSection(NestedProjects) = preSolution
		{85D02F15-049F-417A-9D15-6173F622D2F8} = {27A153FA-7E7E-483A-BF48-EE76CA143FAB}
		{13DD2304-DDF8-4784-A10B-B32C4C52D23D} = {27A153FA-7E7E-483A-BF48-EE76CA143FAB}
		{8B0BFEBA-AE7E-4455-8466-65580584D50D} = {27A153FA-7E7E-483A-BF48-EE76CA143FAB}
		{A63361B5-21E2-48C0-9DD2-64D37E27C1DD} = {85D02F15-049F-417A-9D15-6173F622D2F8}
		{54DA3CC2-67B9-4408-AF7A-19856FDC8091} = {85D02F15-049F-417A-9D15-6173F622D2F8}
		{CFF1DB92-7328-4C1D-AB6A-E72B775729E3} = {A63361B5-21E2-48C0-9DD2-64D37E27C1DD}
		{9B20AD90-CB4B-477F-B123-43F85E8861FD} = {A63361B5-21E2-48C0-9DD2-64D37E27C1DD}
		{BF864E7C-72E4-4593-B84F-C72A5006633D} = {A63361B5-21E2-48C0-9DD2-64D37E27C1DD}
		{70167258-A1BA-4A78-9BFF-118DE7046A63} = {A63361B5-21E2-48C0-9DD2-64D37E27C1DD}
		{131BC10B-192D-41A6-A20C-FB2B47B26834} = {A63361B5-21E2-48C0-9DD2-64D37E27C1DD}
		{80BDE422-1B8A-4B6C-8AB2-C69ECE8D93C1} = {54DA3CC2-67B9-4408-AF7A-19856FDC8091}
		{85A384DE-6748-4023-8E28-95F9AE697381} = {54DA3CC2-67B9-4408-AF7A-19856FDC8091}
		{B71A4EBD-11CE-47C4-AA78-129225C99358} = {54DA3CC2-67B9-4408-AF7A-19856FDC8091}
		{5779B33D-A90F-4C18-8D19-E16D61583689} = {54DA3CC2-67B9-4408-AF7A-19856FDC8091}
		{D66BC88E-B717-445F-9A0C-2BB1AE61BE1A} = {54DA3CC2-67B9-4408-AF7A-19856FDC8091}
		{71990352-43EB-4901-94E6-10BFC3DDB929} = {13DD2304-DDF8-4784-A10B-B32C4C52D23D}
		{09280264-40A9-4A75-AAD7-0776E15FFCF8} = {13DD2304-DDF8-4784-A10B-B32C4C52D23D}
		{0047667A-0934-41E7-9516-6C43D221AD75} = {13DD2304-DDF8-4784-A10B-B32C4C52D23D}
		{1AAE4D91-AF86-4D65-971B-14A1ABD60DD5} = {8B0BFEBA-AE7E-4455-8466-65580584D50D}
		{6BD02625-DC81-4517-AD3D-C012374B685F} = {13DD2304-DDF8-4784-A10B-B32C4C52D23D}
		{20E2756A-B46B-42DA-9C17-C89BF1206480} = {8B0BFEBA-AE7E-4455-8466-65580584D50D}
		{85C88CA9-F8E8-4B77-89B7-602313738D38} = {FBBD14C5-DC88-4AC8-94F9-D49481996AB3}
		{BA0B6361-7DDD-490B-B65A-074BD8AA33FB} = {85C88CA9-F8E8-4B77-89B7-602313738D38}
		{EC597DA6-A7AD-4777-9300-5B1EE20E286C} = {FBBD14C5-DC88-4AC8-94F9-D49481996AB3}
		{BAA2F5F3-66D9-468F-AE87-F68741663BDB} = {EC597DA6-A7AD-4777-9300-5B1EE20E286C}
		{2EF7DEFF-0EE1-4EB0-931C-7D49412F6571} = {EC597DA6-A7AD-4777-9300-5B1EE20E286C}
		{40E97D21-4705-447D-B263-86696B00A203} = {EC597DA6-A7AD-4777-9300-5B1EE20E286C}
	EndGlobalSection
	GlobalSection(ExtensibilityGlobals) = postSolution
		SolutionGuid = {3113DB2A-30C4-46C6-A7BC-5E7E67A4BD10}
	EndGlobalSection
EndGlobal
